<?xml version="1.0" encoding="utf-8"?>
<Project ToolsVersion="4.0" xmlns="http://schemas.microsoft.com/developer/msbuild/2003">
  <ItemGroup>
    <Filter Include="Source Files">
      <UniqueIdentifier>{4FC737F1-C7A5-4376-A066-2A32D752A2FF}</UniqueIdentifier>
      <Extensions>cpp;c;cc;cxx;def;odl;idl;hpj;bat;asm;asmx</Extensions>
    </Filter>
    <Filter Include="Header Files">
      <UniqueIdentifier>{93995380-89BD-4b04-88EB-625FBE52EBFB}</UniqueIdentifier>
      <Extensions>h;hh;hpp;hxx;hm;inl;inc;xsd</Extensions>
    </Filter>
    <Filter Include="Resource Files">
      <UniqueIdentifier>{67DA6AB6-F800-4c08-8B7A-83BB121AAD01}</UniqueIdentifier>
      <Extensions>rc;ico;cur;bmp;dlg;rc2;rct;bin;rgs;gif;jpg;jpeg;jpe;resx;tiff;tif;png;wav;mfcribbon-ms</Extensions>
    </Filter>
  </ItemGroup>
  <ItemGroup>
    <ClInclude Include="include\chrono.h">
      <Filter>Header Files</Filter>
    </ClInclude>
    <ClInclude Include="include\HashTable.h">
      <Filter>Header Files</Filter>
    </ClInclude>
    <ClInclude Include="include\HOctree.h">
      <Filter>Header Files</Filter>
    </ClInclude>
    <ClInclude Include="include\PartSys.h">
      <Filter>Header Files</Filter>
    </ClInclude>
    <ClInclude Include="include\wxRCollision.h">
      <Filter>Header Files</Filter>
    </ClInclude>
    <ClInclude Include="include\wxRCollisionCtrls.h">
      <Filter>Header Files</Filter>
    </ClInclude>
    <ClInclude Include="include\wxRCollisionGLCanvas.h">
      <Filter>Header Files</Filter>
    </ClInclude>
    <ClInclude Include="include\wxRCollisionInit.h">
      <Filter>Header Files</Filter>
    </ClInclude>
    <ClInclude Include="include\wxRCollisionScene.h">
      <Filter>Header Files</Filter>
    </ClInclude>
  </ItemGroup>
  <ItemGroup>
    <Image Include="res\pause.bmp">
      <Filter>Resource Files</Filter>
    </Image>
    <Image Include="res\play.bmp">
      <Filter>Resource Files</Filter>
    </Image>
    <Image Include="res\slow.bmp">
      <Filter>Resource Files</Filter>
    </Image>
    <Image Include="res\stop.bmp">
      <Filter>Resource Files</Filter>
    </Image>
  </ItemGroup>
  <ItemGroup>
    <ResourceCompile Include="wxRCollision.rc">
      <Filter>Resource Files</Filter>
    </ResourceCompile>
  </ItemGroup>
  <ItemGroup>
    <ClCompile Include="src\chrono.cpp">
      <Filter>Source Files</Filter>
    </ClCompile>
    <ClCompile Include="src\HOctree.cpp">
      <Filter>Source Files</Filter>
    </ClCompile>
    <ClCompile Include="src\PartSys.cpp">
      <Filter>Source Files</Filter>
    </ClCompile>
    <ClCompile Include="src\wxRCollision.cpp">
      <Filter>Source Files</Filter>
    </ClCompile>
    <ClCompile Include="src\wxRCollisionCtrls.cpp">
      <Filter>Source Files</Filter>
    </ClCompile>
    <ClCompile Include="src\wxRCollisionGLCanvas.cpp">
      <Filter>Source Files</Filter>
    </ClCompile>
    <ClCompile Include="src\wxRCollisionInit.cpp">
      <Filter>Source Files</Filter>
    </ClCompile>
    <ClCompile Include="src\wxRCollisionScene.cpp">
      <Filter>Source Files</Filter>
    </ClCompile>
  </ItemGroup>
</Project>